
Microsoft Visual Studio Solution File, Format Version 12.00
# Visual Studio Version 16
VisualStudioVersion = 16.0.31313.79
MinimumVisualStudioVersion = 10.0.40219.1
Project("{9A19103F-16F7-4668-BE54-9A1E7A4F7556}") = "ApiServiceBase", "ApiServiceBase.csproj", "{D18A9F97-78EC-40D3-A704-5CE07646289A}"
EndProject
Project("{FAE04EC0-301F-11D3-BF4B-00C04F79EFBC}") = "ApiClient", "..\..\Client\ApiClient\ApiClient.csproj", "{459ECB6D-2C0C-4EDD-ACFE-7ECDAB79B3F1}"
EndProject
Global
	GlobalSection(SolutionConfigurationPlatforms) = preSolution
		Debug|Any CPU = Debug|Any CPU
		Release|Any CPU = Release|Any CPU
	EndGlobalSection
	GlobalSection(ProjectConfigurationPlatforms) = postSolution
		{D18A9F97-78EC-40D3-A704-5CE07646289A}.Debug|Any CPU.ActiveCfg = Debug|Any CPU
		{D18A9F97-78EC-40D3-A704-5CE07646289A}.Debug|Any CPU.Build.0 = Debug|Any CPU
		{D18A9F97-78EC-40D3-A704-5CE07646289A}.Release|Any CPU.ActiveCfg = Release|Any CPU
		{D18A9F97-78EC-40D3-A704-5CE07646289A}.Release|Any CPU.Build.0 = Release|Any CPU
		{459ECB6D-2C0C-4EDD-ACFE-7ECDAB79B3F1}.Debug|Any CPU.ActiveCfg = Debug|Any CPU
		{459ECB6D-2C0C-4EDD-ACFE-7ECDAB79B3F1}.Debug|Any CPU.Build.0 = Debug|Any CPU
		{459ECB6D-2C0C-4EDD-ACFE-7ECDAB79B3F1}.Release|Any CPU.ActiveCfg = Release|Any CPU
		{459ECB6D-2C0C-4EDD-ACFE-7ECDAB79B3F1}.Release|Any CPU.Build.0 = Release|Any CPU
	EndGlobalSection
	GlobalSection(SolutionProperties) = preSolution
		HideSolutionNode = FALSE
	EndGlobalSection
	GlobalSection(ExtensibilityGlobals) = postSolution
		SolutionGuid = {D569C437-3D8B-4CB1-BA0A-9EEE13C66135}
	EndGlobalSection
EndGlobal
